
Microsoft Visual Studio Solution File, Format Version 12.00
# Visual Studio Version 17
VisualStudioVersion = 17.4.33205.214
MinimumVisualStudioVersion = 10.0.40219.1
Project("{FAE04EC0-301F-11D3-BF4B-00C04F79EFBC}") = "FlyeFarm1", "FlyeFarm1.csproj", "{042CF3CB-5814-49D7-86F5-CC9D94A06D85}"
EndProject
Global
	GlobalSection(SolutionConfigurationPlatforms) = preSolution
		Debug|Any CPU = Debug|Any CPU
		Release|Any CPU = Release|Any CPU
	EndGlobalSection
	GlobalSection(ProjectConfigurationPlatforms) = postSolution
		{042CF3CB-5814-49D7-86F5-CC9D94A06D85}.Debug|Any CPU.ActiveCfg = Debug|Any CPU
		{042CF3CB-5814-49D7-86F5-CC9D94A06D85}.Debug|Any CPU.Build.0 = Debug|Any CPU
		{042CF3CB-5814-49D7-86F5-CC9D94A06D85}.Release|Any CPU.ActiveCfg = Release|Any CPU
		{042CF3CB-5814-49D7-86F5-CC9D94A06D85}.Release|Any CPU.Build.0 = Release|Any CPU
	EndGlobalSection
	GlobalSection(SolutionProperties) = preSolution
		HideSolutionNode = FALSE
	EndGlobalSection
	GlobalSection(ExtensibilityGlobals) = postSolution
		SolutionGuid = {180A52F5-3213-49D0-9062-A8E5D9CB33EB}
	EndGlobalSection
EndGlobal
